// !$*UTF8*$!
{
	archiveVersion = 1;
	classes = {
	};
	objectVersion = 50;
	objects = {

/* Begin PBXBuildFile section */
		BE1A95662497D195000DE3BC /* Grid.swift in Sources */ = {isa = PBXBuildFile; fileRef = BE1A95652497D195000DE3BC /* Grid.swift */; };
		BE1A95682497E280000DE3BC /* GridLayout.swift in Sources */ = {isa = PBXBuildFile; fileRef = BE1A95672497E280000DE3BC /* GridLayout.swift */; };
		BE1A956A24980577000DE3BC /* Array+Identifiable.swift in Sources */ = {isa = PBXBuildFile; fileRef = BE1A956924980577000DE3BC /* Array+Identifiable.swift */; };
		BE1A956C24A0E01E000DE3BC /* Array+Only.swift in Sources */ = {isa = PBXBuildFile; fileRef = BE1A956B24A0E01E000DE3BC /* Array+Only.swift */; };
		BE1A956E24A10B36000DE3BC /* EmojiTheme.swift in Sources */ = {isa = PBXBuildFile; fileRef = BE1A956D24A10B36000DE3BC /* EmojiTheme.swift */; };
		BEE5B9DD2485247900569F87 /* AppDelegate.swift in Sources */ = {isa = PBXBuildFile; fileRef = BEE5B9DC2485247900569F87 /* AppDelegate.swift */; };
		BEE5B9DF2485247900569F87 /* SceneDelegate.swift in Sources */ = {isa = PBXBuildFile; fileRef = BEE5B9DE2485247900569F87 /* SceneDelegate.swift */; };
		BEE5B9E12485247900569F87 /* EmojiMemoryGameView.swift in Sources */ = {isa = PBXBuildFile; fileRef = BEE5B9E02485247900569F87 /* EmojiMemoryGameView.swift */; };
		BEE5B9E32485248000569F87 /* Assets.xcassets in Resources */ = {isa = PBXBuildFile; fileRef = BEE5B9E22485248000569F87 /* Assets.xcassets */; };
		BEE5B9E62485248000569F87 /* Preview Assets.xcassets in Resources */ = {isa = PBXBuildFile; fileRef = BEE5B9E52485248000569F87 /* Preview Assets.xcassets */; };
		BEE5B9E92485248000569F87 /* LaunchScreen.storyboard in Resources */ = {isa = PBXBuildFile; fileRef = BEE5B9E72485248000569F87 /* LaunchScreen.storyboard */; };
		BEE5B9F42485248000569F87 /* MemorizeTests.swift in Sources */ = {isa = PBXBuildFile; fileRef = BEE5B9F32485248000569F87 /* MemorizeTests.swift */; };
		BEE5B9FF2485248000569F87 /* MemorizeUITests.swift in Sources */ = {isa = PBXBuildFile; fileRef = BEE5B9FE2485248000569F87 /* MemorizeUITests.swift */; };
		BEE5BA0D2485669700569F87 /* MemoryGame.swift in Sources */ = {isa = PBXBuildFile; fileRef = BEE5BA0C2485669700569F87 /* MemoryGame.swift */; };
		BEE5BA0F24858B7300569F87 /* EmojiMemoryGame.swift in Sources */ = {isa = PBXBuildFile; fileRef = BEE5BA0E24858B7300569F87 /* EmojiMemoryGame.swift */; };
/* End PBXBuildFile section */

/* Begin PBXContainerItemProxy section */
		BEE5B9F02485248000569F87 /* PBXContainerItemProxy */ = {
			isa = PBXContainerItemProxy;
			containerPortal = BEE5B9D12485247800569F87 /* Project object */;
			proxyType = 1;
			remoteGlobalIDString = BEE5B9D82485247800569F87;
			remoteInfo = Memorize;
		};
		BEE5B9FB2485248000569F87 /* PBXContainerItemProxy */ = {
			isa = PBXContainerItemProxy;
			containerPortal = BEE5B9D12485247800569F87 /* Project object */;
			proxyType = 1;
			remoteGlobalIDString = BEE5B9D82485247800569F87;
			remoteInfo = Memorize;
		};
/* End PBXContainerItemProxy section */

/* Begin PBXFileReference section */
		BE1A95652497D195000DE3BC /* Grid.swift */ = {isa = PBXFileReference; lastKnownFileType = sourcecode.swift; path = Grid.swift; sourceTree = "<group>"; };
		BE1A95672497E280000DE3BC /* GridLayout.swift */ = {isa = PBXFileReference; fileEncoding = 4; lastKnownFileType = sourcecode.swift; path = GridLayout.swift; sourceTree = "<group>"; };
		BE1A956924980577000DE3BC /* Array+Identifiable.swift */ = {isa = PBXFileReference; lastKnownFileType = sourcecode.swift; path = "Array+Identifiable.swift"; sourceTree = "<group>"; };
		BE1A956B24A0E01E000DE3BC /* Array+Only.swift */ = {isa = PBXFileReference; lastKnownFileType = sourcecode.swift; path = "Array+Only.swift"; sourceTree = "<group>"; };
		BE1A956D24A10B36000DE3BC /* EmojiTheme.swift */ = {isa = PBXFileReference; lastKnownFileType = sourcecode.swift; path = EmojiTheme.swift; sourceTree = "<group>"; };
		BEE5B9D92485247800569F87 /* Memorize.app */ = {isa = PBXFileReference; explicitFileType = wrapper.application; includeInIndex = 0; path = Memorize.app; sourceTree = BUILT_PRODUCTS_DIR; };
		BEE5B9DC2485247900569F87 /* AppDelegate.swift */ = {isa = PBXFileReference; lastKnownFileType = sourcecode.swift; path = AppDelegate.swift; sourceTree = "<group>"; };
		BEE5B9DE2485247900569F87 /* SceneDelegate.swift */ = {isa = PBXFileReference; lastKnownFileType = sourcecode.swift; path = SceneDelegate.swift; sourceTree = "<group>"; };
		BEE5B9E02485247900569F87 /* EmojiMemoryGameView.swift */ = {isa = PBXFileReference; lastKnownFileType = sourcecode.swift; path = EmojiMemoryGameView.swift; sourceTree = "<group>"; };
		BEE5B9E22485248000569F87 /* Assets.xcassets */ = {isa = PBXFileReference; lastKnownFileType = folder.assetcatalog; path = Assets.xcassets; sourceTree = "<group>"; };
		BEE5B9E52485248000569F87 /* Preview Assets.xcassets */ = {isa = PBXFileReference; lastKnownFileType = folder.assetcatalog; path = "Preview Assets.xcassets"; sourceTree = "<group>"; };
		BEE5B9E82485248000569F87 /* Base */ = {isa = PBXFileReference; lastKnownFileType = file.storyboard; name = Base; path = Base.lproj/LaunchScreen.storyboard; sourceTree = "<group>"; };
		BEE5B9EA2485248000569F87 /* Info.plist */ = {isa = PBXFileReference; lastKnownFileType = text.plist.xml; path = Info.plist; sourceTree = "<group>"; };
		BEE5B9EF2485248000569F87 /* MemorizeTests.xctest */ = {isa = PBXFileReference; explicitFileType = wrapper.cfbundle; includeInIndex = 0; path = MemorizeTests.xctest; sourceTree = BUILT_PRODUCTS_DIR; };
		BEE5B9F32485248000569F87 /* MemorizeTests.swift */ = {isa = PBXFileReference; lastKnownFileType = sourcecode.swift; path = MemorizeTests.swift; sourceTree = "<group>"; };
		BEE5B9F52485248000569F87 /* Info.plist */ = {isa = PBXFileReference; lastKnownFileType = text.plist.xml; path = Info.plist; sourceTree = "<group>"; };
		BEE5B9FA2485248000569F87 /* MemorizeUITests.xctest */ = {isa = PBXFileReference; explicitFileType = wrapper.cfbundle; includeInIndex = 0; path = MemorizeUITests.xctest; sourceTree = BUILT_PRODUCTS_DIR; };
		BEE5B9FE2485248000569F87 /* MemorizeUITests.swift */ = {isa = PBXFileReference; lastKnownFileType = sourcecode.swift; path = MemorizeUITests.swift; sourceTree = "<group>"; };
		BEE5BA002485248000569F87 /* Info.plist */ = {isa = PBXFileReference; lastKnownFileType = text.plist.xml; path = Info.plist; sourceTree = "<group>"; };
		BEE5BA0C2485669700569F87 /* MemoryGame.swift */ = {isa = PBXFileReference; lastKnownFileType = sourcecode.swift; path = MemoryGame.swift; sourceTree = "<group>"; };
		BEE5BA0E24858B7300569F87 /* EmojiMemoryGame.swift */ = {isa = PBXFileReference; lastKnownFileType = sourcecode.swift; path = EmojiMemoryGame.swift; sourceTree = "<group>"; };
/* End PBXFileReference section */

/* Begin PBXFrameworksBuildPhase section */
		BEE5B9D62485247800569F87 /* Frameworks */ = {
			isa = PBXFrameworksBuildPhase;
			buildActionMask = 2147483647;
			files = (
			);
			runOnlyForDeploymentPostprocessing = 0;
		};
		BEE5B9EC2485248000569F87 /* Frameworks */ = {
			isa = PBXFrameworksBuildPhase;
			buildActionMask = 2147483647;
			files = (
			);
			runOnlyForDeploymentPostprocessing = 0;
		};
		BEE5B9F72485248000569F87 /* Frameworks */ = {
			isa = PBXFrameworksBuildPhase;
			buildActionMask = 2147483647;
			files = (
			);
			runOnlyForDeploymentPostprocessing = 0;
		};
/* End PBXFrameworksBuildPhase section */

/* Begin PBXGroup section */
		BEE5B9D02485247800569F87 = {
			isa = PBXGroup;
			children = (
				BEE5B9DB2485247800569F87 /* Memorize */,
				BEE5B9F22485248000569F87 /* MemorizeTests */,
				BEE5B9FD2485248000569F87 /* MemorizeUITests */,
				BEE5B9DA2485247800569F87 /* Products */,
			);
			sourceTree = "<group>";
		};
		BEE5B9DA2485247800569F87 /* Products */ = {
			isa = PBXGroup;
			children = (
				BEE5B9D92485247800569F87 /* Memorize.app */,
				BEE5B9EF2485248000569F87 /* MemorizeTests.xctest */,
				BEE5B9FA2485248000569F87 /* MemorizeUITests.xctest */,
			);
			name = Products;
			sourceTree = "<group>";
		};
		BEE5B9DB2485247800569F87 /* Memorize */ = {
			isa = PBXGroup;
			children = (
				BEE5B9DC2485247900569F87 /* AppDelegate.swift */,
				BEE5B9DE2485247900569F87 /* SceneDelegate.swift */,
				BEE5B9E02485247900569F87 /* EmojiMemoryGameView.swift */,
				BE1A95652497D195000DE3BC /* Grid.swift */,
				BE1A956924980577000DE3BC /* Array+Identifiable.swift */,
				BE1A95672497E280000DE3BC /* GridLayout.swift */,
				BEE5BA0C2485669700569F87 /* MemoryGame.swift */,
				BE1A956B24A0E01E000DE3BC /* Array+Only.swift */,
				BEE5BA0E24858B7300569F87 /* EmojiMemoryGame.swift */,
				BE1A956D24A10B36000DE3BC /* EmojiTheme.swift */,
				BEE5B9E22485248000569F87 /* Assets.xcassets */,
				BEE5B9E72485248000569F87 /* LaunchScreen.storyboard */,
				BEE5B9EA2485248000569F87 /* Info.plist */,
				BEE5B9E42485248000569F87 /* Preview Content */,
			);
			path = Memorize;
			sourceTree = "<group>";
		};
		BEE5B9E42485248000569F87 /* Preview Content */ = {
			isa = PBXGroup;
			children = (
				BEE5B9E52485248000569F87 /* Preview Assets.xcassets */,
			);
			path = "Preview Content";
			sourceTree = "<group>";
		};
		BEE5B9F22485248000569F87 /* MemorizeTests */ = {
			isa = PBXGroup;
			children = (
				BEE5B9F32485248000569F87 /* MemorizeTests.swift */,
				BEE5B9F52485248000569F87 /* Info.plist */,
			);
			path = MemorizeTests;
			sourceTree = "<group>";
		};
		BEE5B9FD2485248000569F87 /* MemorizeUITests */ = {
			isa = PBXGroup;
			children = (
				BEE5B9FE2485248000569F87 /* MemorizeUITests.swift */,
				BEE5BA002485248000569F87 /* Info.plist */,
			);
			path = MemorizeUITests;
			sourceTree = "<group>";
		};
/* End PBXGroup section */

/* Begin PBXNativeTarget section */
		BEE5B9D82485247800569F87 /* Memorize */ = {
			isa = PBXNativeTarget;
			buildConfigurationList = BEE5BA032485248000569F87 /* Build configuration list for PBXNativeTarget "Memorize" */;
			buildPhases = (
				BEE5B9D52485247800569F87 /* Sources */,
				BEE5B9D62485247800569F87 /* Frameworks */,
				BEE5B9D72485247800569F87 /* Resources */,
			);
			buildRules = (
			);
			dependencies = (
			);
			name = Memorize;
			productName = Memorize;
			productReference = BEE5B9D92485247800569F87 /* Memorize.app */;
			productType = "com.apple.product-type.application";
		};
		BEE5B9EE2485248000569F87 /* MemorizeTests */ = {
			isa = PBXNativeTarget;
			buildConfigurationList = BEE5BA062485248000569F87 /* Build configuration list for PBXNativeTarget "MemorizeTests" */;
			buildPhases = (
				BEE5B9EB2485248000569F87 /* Sources */,
				BEE5B9EC2485248000569F87 /* Frameworks */,
				BEE5B9ED2485248000569F87 /* Resources */,
			);
			buildRules = (
			);
			dependencies = (
				BEE5B9F12485248000569F87 /* PBXTargetDependency */,
			);
			name = MemorizeTests;
			productName = MemorizeTests;
			productReference = BEE5B9EF2485248000569F87 /* MemorizeTests.xctest */;
			productType = "com.apple.product-type.bundle.unit-test";
		};
		BEE5B9F92485248000569F87 /* MemorizeUITests */ = {
			isa = PBXNativeTarget;
			buildConfigurationList = BEE5BA092485248000569F87 /* Build configuration list for PBXNativeTarget "MemorizeUITests" */;
			buildPhases = (
				BEE5B9F62485248000569F87 /* Sources */,
				BEE5B9F72485248000569F87 /* Frameworks */,
				BEE5B9F82485248000569F87 /* Resources */,
			);
			buildRules = (
			);
			dependencies = (
				BEE5B9FC2485248000569F87 /* PBXTargetDependency */,
			);
			name = MemorizeUITests;
			productName = MemorizeUITests;
			productReference = BEE5B9FA2485248000569F87 /* MemorizeUITests.xctest */;
			productType = "com.apple.product-type.bundle.ui-testing";
		};
/* End PBXNativeTarget section */

/* Begin PBXProject section */
		BEE5B9D12485247800569F87 /* Project object */ = {
			isa = PBXProject;
			attributes = {
				LastSwiftUpdateCheck = 1130;
				LastUpgradeCheck = 1130;
				ORGANIZATIONNAME = "Desmarais, Jax";
				TargetAttributes = {
					BEE5B9D82485247800569F87 = {
						CreatedOnToolsVersion = 11.3;
					};
					BEE5B9EE2485248000569F87 = {
						CreatedOnToolsVersion = 11.3;
						TestTargetID = BEE5B9D82485247800569F87;
					};
					BEE5B9F92485248000569F87 = {
						CreatedOnToolsVersion = 11.3;
						TestTargetID = BEE5B9D82485247800569F87;
					};
				};
			};
			buildConfigurationList = BEE5B9D42485247800569F87 /* Build configuration list for PBXProject "Memorize" */;
			compatibilityVersion = "Xcode 9.3";
			developmentRegion = en;
			hasScannedForEncodings = 0;
			knownRegions = (
				en,
				Base,
			);
			mainGroup = BEE5B9D02485247800569F87;
			productRefGroup = BEE5B9DA2485247800569F87 /* Products */;
			projectDirPath = "";
			projectRoot = "";
			targets = (
				BEE5B9D82485247800569F87 /* Memorize */,
				BEE5B9EE2485248000569F87 /* MemorizeTests */,
				BEE5B9F92485248000569F87 /* MemorizeUITests */,
			);
		};
/* End PBXProject section */

/* Begin PBXResourcesBuildPhase section */
		BEE5B9D72485247800569F87 /* Resources */ = {
			isa = PBXResourcesBuildPhase;
			buildActionMask = 2147483647;
			files = (
				BEE5B9E92485248000569F87 /* LaunchScreen.storyboard in Resources */,
				BEE5B9E62485248000569F87 /* Preview Assets.xcassets in Resources */,
				BEE5B9E32485248000569F87 /* Assets.xcassets in Resources */,
			);
			runOnlyForDeploymentPostprocessing = 0;
		};
		BEE5B9ED2485248000569F87 /* Resources */ = {
			isa = PBXResourcesBuildPhase;
			buildActionMask = 2147483647;
			files = (
			);
			runOnlyForDeploymentPostprocessing = 0;
		};
		BEE5B9F82485248000569F87 /* Resources */ = {
			isa = PBXResourcesBuildPhase;
			buildActionMask = 2147483647;
			files = (
			);
			runOnlyForDeploymentPostprocessing = 0;
		};
/* End PBXResourcesBuildPhase section */

/* Begin PBXSourcesBuildPhase section */
		BEE5B9D52485247800569F87 /* Sources */ = {
			isa = PBXSourcesBuildPhase;
			buildActionMask = 2147483647;
			files = (
				BE1A956E24A10B36000DE3BC /* EmojiTheme.swift in Sources */,
				BEE5B9DD2485247900569F87 /* AppDelegate.swift in Sources */,
				BEE5B9DF2485247900569F87 /* SceneDelegate.swift in Sources */,
				BEE5BA0D2485669700569F87 /* MemoryGame.swift in Sources */,
				BE1A956C24A0E01E000DE3BC /* Array+Only.swift in Sources */,
				BEE5B9E12485247900569F87 /* EmojiMemoryGameView.swift in Sources */,
				BEE5BA0F24858B7300569F87 /* EmojiMemoryGame.swift in Sources */,
				BE1A956A24980577000DE3BC /* Array+Identifiable.swift in Sources */,
				BE1A95682497E280000DE3BC /* GridLayout.swift in Sources */,
				BE1A95662497D195000DE3BC /* Grid.swift in Sources */,
			);
			runOnlyForDeploymentPostprocessing = 0;
		};
		BEE5B9EB2485248000569F87 /* Sources */ = {
			isa = PBXSourcesBuildPhase;
			buildActionMask = 2147483647;
			files = (
				BEE5B9F42485248000569F87 /* MemorizeTests.swift in Sources */,
			);
			runOnlyForDeploymentPostprocessing = 0;
		};
		BEE5B9F62485248000569F87 /* Sources */ = {
			isa = PBXSourcesBuildPhase;
			buildActionMask = 2147483647;
			files = (
				BEE5B9FF2485248000569F87 /* MemorizeUITests.swift in Sources */,
			);
			runOnlyForDeploymentPostprocessing = 0;
		};
/* End PBXSourcesBuildPhase section */

/* Begin PBXTargetDependency section */
		BEE5B9F12485248000569F87 /* PBXTargetDependency */ = {
			isa = PBXTargetDependency;
			target = BEE5B9D82485247800569F87 /* Memorize */;
			targetProxy = BEE5B9F02485248000569F87 /* PBXContainerItemProxy */;
		};
		BEE5B9FC2485248000569F87 /* PBXTargetDependency */ = {
			isa = PBXTargetDependency;
			target = BEE5B9D82485247800569F87 /* Memorize */;
			targetProxy = BEE5B9FB2485248000569F87 /* PBXContainerItemProxy */;
		};
/* End PBXTargetDependency section */

/* Begin PBXVariantGroup section */
		BEE5B9E72485248000569F87 /* LaunchScreen.storyboard */ = {
			isa = PBXVariantGroup;
			children = (
				BEE5B9E82485248000569F87 /* Base */,
			);
			name = LaunchScreen.storyboard;
			sourceTree = "<group>";
		};
/* End PBXVariantGroup section */

/* Begin XCBuildConfiguration section */
		BEE5BA012485248000569F87 /* Debug */ = {
			isa = XCBuildConfiguration;
			buildSettings = {
				ALWAYS_SEARCH_USER_PATHS = NO;
				CLANG_ANALYZER_NONNULL = YES;
				CLANG_ANALYZER_NUMBER_OBJECT_CONVERSION = YES_AGGRESSIVE;
				CLANG_CXX_LANGUAGE_STANDARD = "gnu++14";
				CLANG_CXX_LIBRARY = "libc++";
				CLANG_ENABLE_MODULES = YES;
				CLANG_ENABLE_OBJC_ARC = YES;
				CLANG_ENABLE_OBJC_WEAK = YES;
				CLANG_WARN_BLOCK_CAPTURE_AUTORELEASING = YES;
				CLANG_WARN_BOOL_CONVERSION = YES;
				CLANG_WARN_COMMA = YES;
				CLANG_WARN_CONSTANT_CONVERSION = YES;
				CLANG_WARN_DEPRECATED_OBJC_IMPLEMENTATIONS = YES;
				CLANG_WARN_DIRECT_OBJC_ISA_USAGE = YES_ERROR;
				CLANG_WARN_DOCUMENTATION_COMMENTS = YES;
				CLANG_WARN_EMPTY_BODY = YES;
				CLANG_WARN_ENUM_CONVERSION = YES;
				CLANG_WARN_INFINITE_RECURSION = YES;
				CLANG_WARN_INT_CONVERSION = YES;
				CLANG_WARN_NON_LITERAL_NULL_CONVERSION = YES;
				CLANG_WARN_OBJC_IMPLICIT_RETAIN_SELF = YES;
				CLANG_WARN_OBJC_LITERAL_CONVERSION = YES;
				CLANG_WARN_OBJC_ROOT_CLASS = YES_ERROR;
				CLANG_WARN_RANGE_LOOP_ANALYSIS = YES;
				CLANG_WARN_STRICT_PROTOTYPES = YES;
				CLANG_WARN_SUSPICIOUS_MOVE = YES;
				CLANG_WARN_UNGUARDED_AVAILABILITY = YES_AGGRESSIVE;
				CLANG_WARN_UNREACHABLE_CODE = YES;
				CLANG_WARN__DUPLICATE_METHOD_MATCH = YES;
				COPY_PHASE_STRIP = NO;
				DEBUG_INFORMATION_FORMAT = dwarf;
				ENABLE_STRICT_OBJC_MSGSEND = YES;
				ENABLE_TESTABILITY = YES;
				GCC_C_LANGUAGE_STANDARD = gnu11;
				GCC_DYNAMIC_NO_PIC = NO;
				GCC_NO_COMMON_BLOCKS = YES;
				GCC_OPTIMIZATION_LEVEL = 0;
				GCC_PREPROCESSOR_DEFINITIONS = (
					"DEBUG=1",
					"$(inherited)",
				);
				GCC_WARN_64_TO_32_BIT_CONVERSION = YES;
				GCC_WARN_ABOUT_RETURN_TYPE = YES_ERROR;
				GCC_WARN_UNDECLARED_SELECTOR = YES;
				GCC_WARN_UNINITIALIZED_AUTOS = YES_AGGRESSIVE;
				GCC_WARN_UNUSED_FUNCTION = YES;
				GCC_WARN_UNUSED_VARIABLE = YES;
				IPHONEOS_DEPLOYMENT_TARGET = 13.2;
				MTL_ENABLE_DEBUG_INFO = INCLUDE_SOURCE;
				MTL_FAST_MATH = YES;
				ONLY_ACTIVE_ARCH = YES;
				SDKROOT = iphoneos;
				SWIFT_ACTIVE_COMPILATION_CONDITIONS = DEBUG;
				SWIFT_OPTIMIZATION_LEVEL = "-Onone";
			};
			name = Debug;
		};
		BEE5BA022485248000569F87 /* Release */ = {
			isa = XCBuildConfiguration;
			buildSettings = {
				ALWAYS_SEARCH_USER_PATHS = NO;
				CLANG_ANALYZER_NONNULL = YES;
				CLANG_ANALYZER_NUMBER_OBJECT_CONVERSION = YES_AGGRESSIVE;
				CLANG_CXX_LANGUAGE_STANDARD = "gnu++14";
				CLANG_CXX_LIBRARY = "libc++";
				CLANG_ENABLE_MODULES = YES;
				CLANG_ENABLE_OBJC_ARC = YES;
				CLANG_ENABLE_OBJC_WEAK = YES;
				CLANG_WARN_BLOCK_CAPTURE_AUTORELEASING = YES;
				CLANG_WARN_BOOL_CONVERSION = YES;
				CLANG_WARN_COMMA = YES;
				CLANG_WARN_CONSTANT_CONVERSION = YES;
				CLANG_WARN_DEPRECATED_OBJC_IMPLEMENTATIONS = YES;
				CLANG_WARN_DIRECT_OBJC_ISA_USAGE = YES_ERROR;
				CLANG_WARN_DOCUMENTATION_COMMENTS = YES;
				CLANG_WARN_EMPTY_BODY = YES;
				CLANG_WARN_ENUM_CONVERSION = YES;
				CLANG_WARN_INFINITE_RECURSION = YES;
				CLANG_WARN_INT_CONVERSION = YES;
				CLANG_WARN_NON_LITERAL_NULL_CONVERSION = YES;
				CLANG_WARN_OBJC_IMPLICIT_RETAIN_SELF = YES;
				CLANG_WARN_OBJC_LITERAL_CONVERSION = YES;
				CLANG_WARN_OBJC_ROOT_CLASS = YES_ERROR;
				CLANG_WARN_RANGE_LOOP_ANALYSIS = YES;
				CLANG_WARN_STRICT_PROTOTYPES = YES;
				CLANG_WARN_SUSPICIOUS_MOVE = YES;
				CLANG_WARN_UNGUARDED_AVAILABILITY = YES_AGGRESSIVE;
				CLANG_WARN_UNREACHABLE_CODE = YES;
				CLANG_WARN__DUPLICATE_METHOD_MATCH = YES;
				COPY_PHASE_STRIP = NO;
				DEBUG_INFORMATION_FORMAT = "dwarf-with-dsym";
				ENABLE_NS_ASSERTIONS = NO;
				ENABLE_STRICT_OBJC_MSGSEND = YES;
				GCC_C_LANGUAGE_STANDARD = gnu11;
				GCC_NO_COMMON_BLOCKS = YES;
				GCC_WARN_64_TO_32_BIT_CONVERSION = YES;
				GCC_WARN_ABOUT_RETURN_TYPE = YES_ERROR;
				GCC_WARN_UNDECLARED_SELECTOR = YES;
				GCC_WARN_UNINITIALIZED_AUTOS = YES_AGGRESSIVE;
				GCC_WARN_UNUSED_FUNCTION = YES;
				GCC_WARN_UNUSED_VARIABLE = YES;
				IPHONEOS_DEPLOYMENT_TARGET = 13.2;
				MTL_ENABLE_DEBUG_INFO = NO;
				MTL_FAST_MATH = YES;
				SDKROOT = iphoneos;
				SWIFT_COMPILATION_MODE = wholemodule;
				SWIFT_OPTIMIZATION_LEVEL = "-O";
				VALIDATE_PRODUCT = YES;
			};
			name = Release;
		};
		BEE5BA042485248000569F87 /* Debug */ = {
			isa = XCBuildConfiguration;
			buildSettings = {
				ASSETCATALOG_COMPILER_APPICON_NAME = AppIcon;
				CODE_SIGN_STYLE = Automatic;
				DEVELOPMENT_ASSET_PATHS = "\"Memorize/Preview Content\"";
				ENABLE_PREVIEWS = YES;
				INFOPLIST_FILE = Memorize/Info.plist;
				LD_RUNPATH_SEARCH_PATHS = (
					"$(inherited)",
					"@executable_path/Frameworks",
				);
				PRODUCT_BUNDLE_IDENTIFIER = jax.Memorize;
				PRODUCT_NAME = "$(TARGET_NAME)";
				SWIFT_VERSION = 5.0;
				TARGETED_DEVICE_FAMILY = "1,2";
			};
			name = Debug;
		};
		BEE5BA052485248000569F87 /* Release */ = {
			isa = XCBuildConfiguration;
			buildSettings = {
				ASSETCATALOG_COMPILER_APPICON_NAME = AppIcon;
				CODE_SIGN_STYLE = Automatic;
				DEVELOPMENT_ASSET_PATHS = "\"Memorize/Preview Content\"";
				ENABLE_PREVIEWS = YES;
				INFOPLIST_FILE = Memorize/Info.plist;
				LD_RUNPATH_SEARCH_PATHS = (
					"$(inherited)",
					"@executable_path/Frameworks",
				);
				PRODUCT_BUNDLE_IDENTIFIER = jax.Memorize;
				PRODUCT_NAME = "$(TARGET_NAME)";
				SWIFT_VERSION = 5.0;
				TARGETED_DEVICE_FAMILY = "1,2";
			};
			name = Release;
		};
		BEE5BA072485248000569F87 /* Debug */ = {
			isa = XCBuildConfiguration;
			buildSettings = {
				ALWAYS_EMBED_SWIFT_STANDARD_LIBRARIES = YES;
				BUNDLE_LOADER = "$(TEST_HOST)";
				CODE_SIGN_STYLE = Automatic;
				INFOPLIST_FILE = MemorizeTests/Info.plist;
				IPHONEOS_DEPLOYMENT_TARGET = 13.2;
				LD_RUNPATH_SEARCH_PATHS = (
					"$(inherited)",
					"@executable_path/Frameworks",
					"@loader_path/Frameworks",
				);
				PRODUCT_BUNDLE_IDENTIFIER = jax.MemorizeTests;
				PRODUCT_NAME = "$(TARGET_NAME)";
				SWIFT_VERSION = 5.0;
				TARGETED_DEVICE_FAMILY = "1,2";
				TEST_HOST = "$(BUILT_PRODUCTS_DIR)/Memorize.app/Memorize";
			};
			name = Debug;
		};
		BEE5BA082485248000569F87 /* Release */ = {
			isa = XCBuildConfiguration;
			buildSettings = {
				ALWAYS_EMBED_SWIFT_STANDARD_LIBRARIES = YES;
				BUNDLE_LOADER = "$(TEST_HOST)";
				CODE_SIGN_STYLE = Automatic;
				INFOPLIST_FILE = MemorizeTests/Info.plist;
				IPHONEOS_DEPLOYMENT_TARGET = 13.2;
				LD_RUNPATH_SEARCH_PATHS = (
					"$(inherited)",
					"@executable_path/Frameworks",
					"@loader_path/Frameworks",
				);
				PRODUCT_BUNDLE_IDENTIFIER = jax.MemorizeTests;
				PRODUCT_NAME = "$(TARGET_NAME)";
				SWIFT_VERSION = 5.0;
				TARGETED_DEVICE_FAMILY = "1,2";
				TEST_HOST = "$(BUILT_PRODUCTS_DIR)/Memorize.app/Memorize";
			};
			name = Release;
		};
		BEE5BA0A2485248000569F87 /* Debug */ = {
			isa = XCBuildConfiguration;
			buildSettings = {
				ALWAYS_EMBED_SWIFT_STANDARD_LIBRARIES = YES;
				CODE_SIGN_STYLE = Automatic;
				INFOPLIST_FILE = MemorizeUITests/Info.plist;
				LD_RUNPATH_SEARCH_PATHS = (
					"$(inherited)",
					"@executable_path/Frameworks",
					"@loader_path/Frameworks",
				);
				PRODUCT_BUNDLE_IDENTIFIER = jax.MemorizeUITests;
				PRODUCT_NAME = "$(TARGET_NAME)";
				SWIFT_VERSION = 5.0;
				TARGETED_DEVICE_FAMILY = "1,2";
				TEST_TARGET_NAME = Memorize;
			};
			name = Debug;
		};
		BEE5BA0B2485248000569F87 /* Release */ = {
			isa = XCBuildConfiguration;
			buildSettings = {
				ALWAYS_EMBED_SWIFT_STANDARD_LIBRARIES = YES;
				CODE_SIGN_STYLE = Automatic;
				INFOPLIST_FILE = MemorizeUITests/Info.plist;
				LD_RUNPATH_SEARCH_PATHS = (
					"$(inherited)",
					"@executable_path/Frameworks",
					"@loader_path/Frameworks",
				);
				PRODUCT_BUNDLE_IDENTIFIER = jax.MemorizeUITests;
				PRODUCT_NAME = "$(TARGET_NAME)";
				SWIFT_VERSION = 5.0;
				TARGETED_DEVICE_FAMILY = "1,2";
				TEST_TARGET_NAME = Memorize;
			};
			name = Release;
		};
/* End XCBuildConfiguration section */

/* Begin XCConfigurationList section */
		BEE5B9D42485247800569F87 /* Build configuration list for PBXProject "Memorize" */ = {
			isa = XCConfigurationList;
			buildConfigurations = (
				BEE5BA012485248000569F87 /* Debug */,
				BEE5BA022485248000569F87 /* Release */,
			);
			defaultConfigurationIsVisible = 0;
			defaultConfigurationName = Release;
		};
		BEE5BA032485248000569F87 /* Build configuration list for PBXNativeTarget "Memorize" */ = {
			isa = XCConfigurationList;
			buildConfigurations = (
				BEE5BA042485248000569F87 /* Debug */,
				BEE5BA052485248000569F87 /* Release */,
			);
			defaultConfigurationIsVisible = 0;
			defaultConfigurationName = Release;
		};
		BEE5BA062485248000569F87 /* Build configuration list for PBXNativeTarget "MemorizeTests" */ = {
			isa = XCConfigurationList;
			buildConfigurations = (
				BEE5BA072485248000569F87 /* Debug */,
				BEE5BA082485248000569F87 /* Release */,
			);
			defaultConfigurationIsVisible = 0;
			defaultConfigurationName = Release;
		};
		BEE5BA092485248000569F87 /* Build configuration list for PBXNativeTarget "MemorizeUITests" */ = {
			isa = XCConfigurationList;
			buildConfigurations = (
				BEE5BA0A2485248000569F87 /* Debug */,
				BEE5BA0B2485248000569F87 /* Release */,
			);
			defaultConfigurationIsVisible = 0;
			defaultConfigurationName = Release;
		};
/* End XCConfigurationList section */
	};
	rootObject = BEE5B9D12485247800569F87 /* Project object */;
}
